
Microsoft Visual Studio Solution File, Format Version 12.00
# Visual Studio Version 16
VisualStudioVersion = 16.0.29613.14
MinimumVisualStudioVersion = 10.0.40219.1
Project("{FAE04EC0-301F-11D3-BF4B-00C04F79EFBC}") = "observer-pattern", "observer-pattern.csproj", "{FA9037C1-E9B2-4ECE-97D2-C666C00967A4}"
EndProject
Global
	GlobalSection(SolutionConfigurationPlatforms) = preSolution
		Debug|Any CPU = Debug|Any CPU
		Release|Any CPU = Release|Any CPU
	EndGlobalSection
	GlobalSection(ProjectConfigurationPlatforms) = postSolution
		{FA9037C1-E9B2-4ECE-97D2-C666C00967A4}.Debug|Any CPU.ActiveCfg = Debug|Any CPU
		{FA9037C1-E9B2-4ECE-97D2-C666C00967A4}.Debug|Any CPU.Build.0 = Debug|Any CPU
		{FA9037C1-E9B2-4ECE-97D2-C666C00967A4}.Release|Any CPU.ActiveCfg = Release|Any CPU
		{FA9037C1-E9B2-4ECE-97D2-C666C00967A4}.Release|Any CPU.Build.0 = Release|Any CPU
	EndGlobalSection
	GlobalSection(SolutionProperties) = preSolution
		HideSolutionNode = FALSE
	EndGlobalSection
	GlobalSection(ExtensibilityGlobals) = postSolution
		SolutionGuid = {15A92621-384E-438C-82A1-85A89C48FF23}
	EndGlobalSection
EndGlobal
